
Microsoft Visual Studio Solution File, Format Version 12.00
# Visual Studio Version 16
VisualStudioVersion = 16.0.31515.178
MinimumVisualStudioVersion = 10.0.40219.1
Project("{FAE04EC0-301F-11D3-BF4B-00C04F79EFBC}") = "FreshFoodMongo", "FreshFoodMongo\FreshFoodMongo.csproj", "{ECEA6C38-E1CA-42B4-9B79-E088CC9BE74E}"
EndProject
Project("{FAE04EC0-301F-11D3-BF4B-00C04F79EFBC}") = "TestFreshFoodMongo", "TestFreshFoodMongo\TestFreshFoodMongo.csproj", "{29C5E901-0179-4F6C-BBBE-C70EC48E459A}"
EndProject
Global
	GlobalSection(SolutionConfigurationPlatforms) = preSolution
		Debug|Any CPU = Debug|Any CPU
		Release|Any CPU = Release|Any CPU
	EndGlobalSection
	GlobalSection(ProjectConfigurationPlatforms) = postSolution
		{ECEA6C38-E1CA-42B4-9B79-E088CC9BE74E}.Debug|Any CPU.ActiveCfg = Debug|Any CPU
		{ECEA6C38-E1CA-42B4-9B79-E088CC9BE74E}.Debug|Any CPU.Build.0 = Debug|Any CPU
		{ECEA6C38-E1CA-42B4-9B79-E088CC9BE74E}.Release|Any CPU.ActiveCfg = Release|Any CPU
		{ECEA6C38-E1CA-42B4-9B79-E088CC9BE74E}.Release|Any CPU.Build.0 = Release|Any CPU
		{29C5E901-0179-4F6C-BBBE-C70EC48E459A}.Debug|Any CPU.ActiveCfg = Debug|Any CPU
		{29C5E901-0179-4F6C-BBBE-C70EC48E459A}.Debug|Any CPU.Build.0 = Debug|Any CPU
		{29C5E901-0179-4F6C-BBBE-C70EC48E459A}.Release|Any CPU.ActiveCfg = Release|Any CPU
		{29C5E901-0179-4F6C-BBBE-C70EC48E459A}.Release|Any CPU.Build.0 = Release|Any CPU
	EndGlobalSection
	GlobalSection(SolutionProperties) = preSolution
		HideSolutionNode = FALSE
	EndGlobalSection
	GlobalSection(ExtensibilityGlobals) = postSolution
		SolutionGuid = {A027E8D8-025F-4F47-A02A-307C1BDDEA80}
	EndGlobalSection
EndGlobal
